
Microsoft Visual Studio Solution File, Format Version 12.00
Project("{FAE04EC0-301F-11D3-BF4B-00C04F79EFBC}") = "UrbanTollStream", "UrbanTollStream\UrbanTollStream.csproj", "{5170E0DE-1C95-4256-B45F-0BDB240A5040}"
EndProject
Project("{2150E333-8FDC-42A3-9474-1A3956D46DE8}") = ".github", ".github", "{2667E968-9533-4723-BBDD-3C9AFD501281}"
	ProjectSection(SolutionItems) = preProject
		.github\copilot-instructions.md = .github\copilot-instructions.md
	EndProjectSection
EndProject
Project("{2150E333-8FDC-42A3-9474-1A3956D46DE8}") = "instructions", "instructions", "{0B45DA5F-C228-464E-87F2-7518EC1A80D1}"
	ProjectSection(SolutionItems) = preProject
		.github\instructions\csharp.md = .github\instructions\csharp.md
		.github\instructions\infrastructure.md = .github\instructions\infrastructure.md
	EndProjectSection
EndProject
Project("{2150E333-8FDC-42A3-9474-1A3956D46DE8}") = "src", "src", "{827E0CD3-B72D-47B6-A68D-7590B98EB39B}"
EndProject
Project("{2150E333-8FDC-42A3-9474-1A3956D46DE8}") = "Services", "Services", "{984BB9B3-3FA3-BE33-9484-CAC21695A33C}"
EndProject
Project("{FAE04EC0-301F-11D3-BF4B-00C04F79EFBC}") = "IngestionAPI", "src\Services\IngestionAPI\IngestionAPI.csproj", "{729802C3-6A12-4354-BBC7-18D8A6AF5EB3}"
EndProject
Project("{FAE04EC0-301F-11D3-BF4B-00C04F79EFBC}") = "SignalAPI", "src\Services\SignalAPI\SignalAPI.csproj", "{4A10F3F3-0216-4726-BEEB-22356C3C1974}"
EndProject
Project("{FAE04EC0-301F-11D3-BF4B-00C04F79EFBC}") = "FeeService", "src\Services\FeeService\FeeService.csproj", "{E99AEB53-F5A8-4D4B-8A0C-C3D22C0AAC03}"
EndProject
Project("{FAE04EC0-301F-11D3-BF4B-00C04F79EFBC}") = "OwnershipService", "src\Services\OwnershipService\OwnershipService.csproj", "{5ADDCE00-50D5-4488-8A3B-B56697B15D5A}"
EndProject
Project("{FAE04EC0-301F-11D3-BF4B-00C04F79EFBC}") = "ProcessingService", "src\Services\ProcessingService\ProcessingService.csproj", "{2781340D-86F4-4BC6-8806-152705CA91C0}"
EndProject
Project("{FAE04EC0-301F-11D3-BF4B-00C04F79EFBC}") = "AggregationService", "src\Services\AggregationService\AggregationService.csproj", "{ECD24717-1648-436C-B43B-3E475B99BA1F}"
EndProject
Project("{FAE04EC0-301F-11D3-BF4B-00C04F79EFBC}") = "BillingService", "src\Services\BillingService\BillingService.csproj", "{D87FAFF2-7F24-4E0D-B53B-B8937D575814}"
EndProject
Project("{2150E333-8FDC-42A3-9474-1A3956D46DE8}") = "Services", "Services", "{5854FF58-B8C5-05C6-5BF2-ACE42193F22B}"
EndProject
Global
	GlobalSection(SolutionConfigurationPlatforms) = preSolution
		Debug|Any CPU = Debug|Any CPU
		Debug|x64 = Debug|x64
		Debug|x86 = Debug|x86
		Release|Any CPU = Release|Any CPU
		Release|x64 = Release|x64
		Release|x86 = Release|x86
	EndGlobalSection
	GlobalSection(ProjectConfigurationPlatforms) = postSolution
		{5170E0DE-1C95-4256-B45F-0BDB240A5040}.Debug|Any CPU.ActiveCfg = Debug|Any CPU
		{5170E0DE-1C95-4256-B45F-0BDB240A5040}.Debug|Any CPU.Build.0 = Debug|Any CPU
		{5170E0DE-1C95-4256-B45F-0BDB240A5040}.Debug|x64.ActiveCfg = Debug|Any CPU
		{5170E0DE-1C95-4256-B45F-0BDB240A5040}.Debug|x64.Build.0 = Debug|Any CPU
		{5170E0DE-1C95-4256-B45F-0BDB240A5040}.Debug|x86.ActiveCfg = Debug|Any CPU
		{5170E0DE-1C95-4256-B45F-0BDB240A5040}.Debug|x86.Build.0 = Debug|Any CPU
		{5170E0DE-1C95-4256-B45F-0BDB240A5040}.Release|Any CPU.ActiveCfg = Release|Any CPU
		{5170E0DE-1C95-4256-B45F-0BDB240A5040}.Release|Any CPU.Build.0 = Release|Any CPU
		{5170E0DE-1C95-4256-B45F-0BDB240A5040}.Release|x64.ActiveCfg = Release|Any CPU
		{5170E0DE-1C95-4256-B45F-0BDB240A5040}.Release|x64.Build.0 = Release|Any CPU
		{5170E0DE-1C95-4256-B45F-0BDB240A5040}.Release|x86.ActiveCfg = Release|Any CPU
		{5170E0DE-1C95-4256-B45F-0BDB240A5040}.Release|x86.Build.0 = Release|Any CPU
		{729802C3-6A12-4354-BBC7-18D8A6AF5EB3}.Debug|Any CPU.ActiveCfg = Debug|Any CPU
		{729802C3-6A12-4354-BBC7-18D8A6AF5EB3}.Debug|Any CPU.Build.0 = Debug|Any CPU
		{729802C3-6A12-4354-BBC7-18D8A6AF5EB3}.Debug|x64.ActiveCfg = Debug|Any CPU
		{729802C3-6A12-4354-BBC7-18D8A6AF5EB3}.Debug|x64.Build.0 = Debug|Any CPU
		{729802C3-6A12-4354-BBC7-18D8A6AF5EB3}.Debug|x86.ActiveCfg = Debug|Any CPU
		{729802C3-6A12-4354-BBC7-18D8A6AF5EB3}.Debug|x86.Build.0 = Debug|Any CPU
		{729802C3-6A12-4354-BBC7-18D8A6AF5EB3}.Release|Any CPU.ActiveCfg = Release|Any CPU
		{729802C3-6A12-4354-BBC7-18D8A6AF5EB3}.Release|Any CPU.Build.0 = Release|Any CPU
		{729802C3-6A12-4354-BBC7-18D8A6AF5EB3}.Release|x64.ActiveCfg = Release|Any CPU
		{729802C3-6A12-4354-BBC7-18D8A6AF5EB3}.Release|x64.Build.0 = Release|Any CPU
		{729802C3-6A12-4354-BBC7-18D8A6AF5EB3}.Release|x86.ActiveCfg = Release|Any CPU
		{729802C3-6A12-4354-BBC7-18D8A6AF5EB3}.Release|x86.Build.0 = Release|Any CPU
		{4A10F3F3-0216-4726-BEEB-22356C3C1974}.Debug|Any CPU.ActiveCfg = Debug|Any CPU
		{4A10F3F3-0216-4726-BEEB-22356C3C1974}.Debug|Any CPU.Build.0 = Debug|Any CPU
		{4A10F3F3-0216-4726-BEEB-22356C3C1974}.Debug|x64.ActiveCfg = Debug|Any CPU
		{4A10F3F3-0216-4726-BEEB-22356C3C1974}.Debug|x64.Build.0 = Debug|Any CPU
		{4A10F3F3-0216-4726-BEEB-22356C3C1974}.Debug|x86.ActiveCfg = Debug|Any CPU
		{4A10F3F3-0216-4726-BEEB-22356C3C1974}.Debug|x86.Build.0 = Debug|Any CPU
		{4A10F3F3-0216-4726-BEEB-22356C3C1974}.Release|Any CPU.ActiveCfg = Release|Any CPU
		{4A10F3F3-0216-4726-BEEB-22356C3C1974}.Release|Any CPU.Build.0 = Release|Any CPU
		{4A10F3F3-0216-4726-BEEB-22356C3C1974}.Release|x64.ActiveCfg = Release|Any CPU
		{4A10F3F3-0216-4726-BEEB-22356C3C1974}.Release|x64.Build.0 = Release|Any CPU
		{4A10F3F3-0216-4726-BEEB-22356C3C1974}.Release|x86.ActiveCfg = Release|Any CPU
		{4A10F3F3-0216-4726-BEEB-22356C3C1974}.Release|x86.Build.0 = Release|Any CPU
		{E99AEB53-F5A8-4D4B-8A0C-C3D22C0AAC03}.Debug|Any CPU.ActiveCfg = Debug|Any CPU
		{E99AEB53-F5A8-4D4B-8A0C-C3D22C0AAC03}.Debug|Any CPU.Build.0 = Debug|Any CPU
		{E99AEB53-F5A8-4D4B-8A0C-C3D22C0AAC03}.Debug|x64.ActiveCfg = Debug|Any CPU
		{E99AEB53-F5A8-4D4B-8A0C-C3D22C0AAC03}.Debug|x64.Build.0 = Debug|Any CPU
		{E99AEB53-F5A8-4D4B-8A0C-C3D22C0AAC03}.Debug|x86.ActiveCfg = Debug|Any CPU
		{E99AEB53-F5A8-4D4B-8A0C-C3D22C0AAC03}.Debug|x86.Build.0 = Debug|Any CPU
		{E99AEB53-F5A8-4D4B-8A0C-C3D22C0AAC03}.Release|Any CPU.ActiveCfg = Release|Any CPU
		{E99AEB53-F5A8-4D4B-8A0C-C3D22C0AAC03}.Release|Any CPU.Build.0 = Release|Any CPU
		{E99AEB53-F5A8-4D4B-8A0C-C3D22C0AAC03}.Release|x64.ActiveCfg = Release|Any CPU
		{E99AEB53-F5A8-4D4B-8A0C-C3D22C0AAC03}.Release|x64.Build.0 = Release|Any CPU
		{E99AEB53-F5A8-4D4B-8A0C-C3D22C0AAC03}.Release|x86.ActiveCfg = Release|Any CPU
		{E99AEB53-F5A8-4D4B-8A0C-C3D22C0AAC03}.Release|x86.Build.0 = Release|Any CPU
		{5ADDCE00-50D5-4488-8A3B-B56697B15D5A}.Debug|Any CPU.ActiveCfg = Debug|Any CPU
		{5ADDCE00-50D5-4488-8A3B-B56697B15D5A}.Debug|Any CPU.Build.0 = Debug|Any CPU
		{5ADDCE00-50D5-4488-8A3B-B56697B15D5A}.Debug|x64.ActiveCfg = Debug|Any CPU
		{5ADDCE00-50D5-4488-8A3B-B56697B15D5A}.Debug|x64.Build.0 = Debug|Any CPU
		{5ADDCE00-50D5-4488-8A3B-B56697B15D5A}.Debug|x86.ActiveCfg = Debug|Any CPU
		{5ADDCE00-50D5-4488-8A3B-B56697B15D5A}.Debug|x86.Build.0 = Debug|Any CPU
		{5ADDCE00-50D5-4488-8A3B-B56697B15D5A}.Release|Any CPU.ActiveCfg = Release|Any CPU
		{5ADDCE00-50D5-4488-8A3B-B56697B15D5A}.Release|Any CPU.Build.0 = Release|Any CPU
		{5ADDCE00-50D5-4488-8A3B-B56697B15D5A}.Release|x64.ActiveCfg = Release|Any CPU
		{5ADDCE00-50D5-4488-8A3B-B56697B15D5A}.Release|x64.Build.0 = Release|Any CPU
		{5ADDCE00-50D5-4488-8A3B-B56697B15D5A}.Release|x86.ActiveCfg = Release|Any CPU
		{5ADDCE00-50D5-4488-8A3B-B56697B15D5A}.Release|x86.Build.0 = Release|Any CPU
		{2781340D-86F4-4BC6-8806-152705CA91C0}.Debug|Any CPU.ActiveCfg = Debug|Any CPU
		{2781340D-86F4-4BC6-8806-152705CA91C0}.Debug|Any CPU.Build.0 = Debug|Any CPU
		{2781340D-86F4-4BC6-8806-152705CA91C0}.Debug|x64.ActiveCfg = Debug|Any CPU
		{2781340D-86F4-4BC6-8806-152705CA91C0}.Debug|x64.Build.0 = Debug|Any CPU
		{2781340D-86F4-4BC6-8806-152705CA91C0}.Debug|x86.ActiveCfg = Debug|Any CPU
		{2781340D-86F4-4BC6-8806-152705CA91C0}.Debug|x86.Build.0 = Debug|Any CPU
		{2781340D-86F4-4BC6-8806-152705CA91C0}.Release|Any CPU.ActiveCfg = Release|Any CPU
		{2781340D-86F4-4BC6-8806-152705CA91C0}.Release|Any CPU.Build.0 = Release|Any CPU
		{2781340D-86F4-4BC6-8806-152705CA91C0}.Release|x64.ActiveCfg = Release|Any CPU
		{2781340D-86F4-4BC6-8806-152705CA91C0}.Release|x64.Build.0 = Release|Any CPU
		{2781340D-86F4-4BC6-8806-152705CA91C0}.Release|x86.ActiveCfg = Release|Any CPU
		{2781340D-86F4-4BC6-8806-152705CA91C0}.Release|x86.Build.0 = Release|Any CPU
		{ECD24717-1648-436C-B43B-3E475B99BA1F}.Debug|Any CPU.ActiveCfg = Debug|Any CPU
		{ECD24717-1648-436C-B43B-3E475B99BA1F}.Debug|Any CPU.Build.0 = Debug|Any CPU
		{ECD24717-1648-436C-B43B-3E475B99BA1F}.Debug|x64.ActiveCfg = Debug|Any CPU
		{ECD24717-1648-436C-B43B-3E475B99BA1F}.Debug|x64.Build.0 = Debug|Any CPU
		{ECD24717-1648-436C-B43B-3E475B99BA1F}.Debug|x86.ActiveCfg = Debug|Any CPU
		{ECD24717-1648-436C-B43B-3E475B99BA1F}.Debug|x86.Build.0 = Debug|Any CPU
		{ECD24717-1648-436C-B43B-3E475B99BA1F}.Release|Any CPU.ActiveCfg = Release|Any CPU
		{ECD24717-1648-436C-B43B-3E475B99BA1F}.Release|Any CPU.Build.0 = Release|Any CPU
		{ECD24717-1648-436C-B43B-3E475B99BA1F}.Release|x64.ActiveCfg = Release|Any CPU
		{ECD24717-1648-436C-B43B-3E475B99BA1F}.Release|x64.Build.0 = Release|Any CPU
		{ECD24717-1648-436C-B43B-3E475B99BA1F}.Release|x86.ActiveCfg = Release|Any CPU
		{ECD24717-1648-436C-B43B-3E475B99BA1F}.Release|x86.Build.0 = Release|Any CPU
		{D87FAFF2-7F24-4E0D-B53B-B8937D575814}.Debug|Any CPU.ActiveCfg = Debug|Any CPU
		{D87FAFF2-7F24-4E0D-B53B-B8937D575814}.Debug|Any CPU.Build.0 = Debug|Any CPU
		{D87FAFF2-7F24-4E0D-B53B-B8937D575814}.Debug|x64.ActiveCfg = Debug|Any CPU
		{D87FAFF2-7F24-4E0D-B53B-B8937D575814}.Debug|x64.Build.0 = Debug|Any CPU
		{D87FAFF2-7F24-4E0D-B53B-B8937D575814}.Debug|x86.ActiveCfg = Debug|Any CPU
		{D87FAFF2-7F24-4E0D-B53B-B8937D575814}.Debug|x86.Build.0 = Debug|Any CPU
		{D87FAFF2-7F24-4E0D-B53B-B8937D575814}.Release|Any CPU.ActiveCfg = Release|Any CPU
		{D87FAFF2-7F24-4E0D-B53B-B8937D575814}.Release|Any CPU.Build.0 = Release|Any CPU
		{D87FAFF2-7F24-4E0D-B53B-B8937D575814}.Release|x64.ActiveCfg = Release|Any CPU
		{D87FAFF2-7F24-4E0D-B53B-B8937D575814}.Release|x64.Build.0 = Release|Any CPU
		{D87FAFF2-7F24-4E0D-B53B-B8937D575814}.Release|x86.ActiveCfg = Release|Any CPU
		{D87FAFF2-7F24-4E0D-B53B-B8937D575814}.Release|x86.Build.0 = Release|Any CPU
	EndGlobalSection
	GlobalSection(SolutionProperties) = preSolution
		HideSolutionNode = FALSE
	EndGlobalSection
	GlobalSection(NestedProjects) = preSolution
		{0B45DA5F-C228-464E-87F2-7518EC1A80D1} = {2667E968-9533-4723-BBDD-3C9AFD501281}
		{984BB9B3-3FA3-BE33-9484-CAC21695A33C} = {827E0CD3-B72D-47B6-A68D-7590B98EB39B}
		{729802C3-6A12-4354-BBC7-18D8A6AF5EB3} = {984BB9B3-3FA3-BE33-9484-CAC21695A33C}
		{4A10F3F3-0216-4726-BEEB-22356C3C1974} = {984BB9B3-3FA3-BE33-9484-CAC21695A33C}
		{E99AEB53-F5A8-4D4B-8A0C-C3D22C0AAC03} = {984BB9B3-3FA3-BE33-9484-CAC21695A33C}
		{5ADDCE00-50D5-4488-8A3B-B56697B15D5A} = {984BB9B3-3FA3-BE33-9484-CAC21695A33C}
		{2781340D-86F4-4BC6-8806-152705CA91C0} = {984BB9B3-3FA3-BE33-9484-CAC21695A33C}
		{ECD24717-1648-436C-B43B-3E475B99BA1F} = {984BB9B3-3FA3-BE33-9484-CAC21695A33C}
		{D87FAFF2-7F24-4E0D-B53B-B8937D575814} = {984BB9B3-3FA3-BE33-9484-CAC21695A33C}
	EndGlobalSection
EndGlobal
